
Microsoft Visual Studio Solution File, Format Version 12.00
# Visual Studio Version 17
VisualStudioVersion = 17.12.35527.113 d17.12
MinimumVisualStudioVersion = 10.0.40219.1
Project("{FAE04EC0-301F-11D3-BF4B-00C04F79EFBC}") = "lastTask", "lastTask\lastTask.csproj", "{B2C06A84-184A-4450-9B26-D3ACDC6A3928}"
EndProject
Global
	GlobalSection(SolutionConfigurationPlatforms) = preSolution
		Debug|Any CPU = Debug|Any CPU
		Release|Any CPU = Release|Any CPU
	EndGlobalSection
	GlobalSection(ProjectConfigurationPlatforms) = postSolution
		{B2C06A84-184A-4450-9B26-D3ACDC6A3928}.Debug|Any CPU.ActiveCfg = Debug|Any CPU
		{B2C06A84-184A-4450-9B26-D3ACDC6A3928}.Debug|Any CPU.Build.0 = Debug|Any CPU
		{B2C06A84-184A-4450-9B26-D3ACDC6A3928}.Release|Any CPU.ActiveCfg = Release|Any CPU
		{B2C06A84-184A-4450-9B26-D3ACDC6A3928}.Release|Any CPU.Build.0 = Release|Any CPU
	EndGlobalSection
	GlobalSection(SolutionProperties) = preSolution
		HideSolutionNode = FALSE
	EndGlobalSection
EndGlobal
